
Microsoft Visual Studio Solution File, Format Version 12.00
# Visual Studio Version 16
VisualStudioVersion = 16.0.30611.23
MinimumVisualStudioVersion = 10.0.40219.1
Project("{FAE04EC0-301F-11D3-BF4B-00C04F79EFBC}") = "QLSV", "QLSV\QLSV.csproj", "{240C1D0F-7E72-4280-9B21-E4413709B399}"
EndProject
Global
	GlobalSection(SolutionConfigurationPlatforms) = preSolution
		Debug|Any CPU = Debug|Any CPU
		Release|Any CPU = Release|Any CPU
	EndGlobalSection
	GlobalSection(ProjectConfigurationPlatforms) = postSolution
		{240C1D0F-7E72-4280-9B21-E4413709B399}.Debug|Any CPU.ActiveCfg = Debug|Any CPU
		{240C1D0F-7E72-4280-9B21-E4413709B399}.Debug|Any CPU.Build.0 = Debug|Any CPU
		{240C1D0F-7E72-4280-9B21-E4413709B399}.Release|Any CPU.ActiveCfg = Release|Any CPU
		{240C1D0F-7E72-4280-9B21-E4413709B399}.Release|Any CPU.Build.0 = Release|Any CPU
	EndGlobalSection
	GlobalSection(SolutionProperties) = preSolution
		HideSolutionNode = FALSE
	EndGlobalSection
	GlobalSection(ExtensibilityGlobals) = postSolution
		SolutionGuid = {343022E3-04B8-4FB7-A9E2-90E2132E8AF0}
	EndGlobalSection
EndGlobal
